
Microsoft Visual Studio Solution File, Format Version 12.00
# Visual Studio 15
VisualStudioVersion = 15.0.27130.2020
MinimumVisualStudioVersion = 10.0.40219.1
Project("{FAE04EC0-301F-11D3-BF4B-00C04F79EFBC}") = "TicTacToe", "TicTacToe.csproj", "{4025ECEA-85EE-4EF3-9719-924E1C2A8511}"
EndProject
Global
	GlobalSection(SolutionConfigurationPlatforms) = preSolution
		Debug|Any CPU = Debug|Any CPU
		Release|Any CPU = Release|Any CPU
	EndGlobalSection
	GlobalSection(ProjectConfigurationPlatforms) = postSolution
		{4025ECEA-85EE-4EF3-9719-924E1C2A8511}.Debug|Any CPU.ActiveCfg = Debug|Any CPU
		{4025ECEA-85EE-4EF3-9719-924E1C2A8511}.Debug|Any CPU.Build.0 = Debug|Any CPU
		{4025ECEA-85EE-4EF3-9719-924E1C2A8511}.Release|Any CPU.ActiveCfg = Release|Any CPU
		{4025ECEA-85EE-4EF3-9719-924E1C2A8511}.Release|Any CPU.Build.0 = Release|Any CPU
	EndGlobalSection
	GlobalSection(SolutionProperties) = preSolution
		HideSolutionNode = FALSE
	EndGlobalSection
	GlobalSection(ExtensibilityGlobals) = postSolution
		SolutionGuid = {DF5272E5-6906-4C4D-A3C3-363E4F9B1975}
	EndGlobalSection
EndGlobal
